{
    "name": "psstest",
    "version": "1.0.0",
    "lockfileVersion": 1,
    "requires": true,
    "dependencies": {
        "@types/parse5": {
            "version": "5.0.3",
            "resolved": "https://registry.npmjs.org/@types/parse5/-/parse5-5.0.3.tgz",
            "integrity": "sha512-kUNnecmtkunAoQ3CnjmMkzNU/gtxG8guhi+Fk2U/kOpIKjIMKnXGp4IJCgQJrXSgMsWYimYG4TGjz/UzbGEBTw=="
        },
        "@types/prismjs": {
            "version": "1.16.1",
            "resolved": "https://registry.npmjs.org/@types/prismjs/-/prismjs-1.16.1.tgz",
            "integrity": "sha512-RNgcK3FEc1GpeOkamGDq42EYkb6yZW5OWQwTS56NJIB8WL0QGISQglA7En7NUx9RGP8AC52DOe+squqbAckXlA=="
        },
        "lit-ntml": {
            "version": "2.16.1",
            "resolved": "https://registry.npmjs.org/lit-ntml/-/lit-ntml-2.16.1.tgz",
            "integrity": "sha512-/GEAN03HOoqhTHocxCX9cBiXrZupMsfOnoIEsXsnW1yJ1JakjMnoO7knrb5igLyQGSiDOUXxFm4Agzl60YZaVA==",
            "requires": {
                "parse5": "^5.1.1",
                "tslib": "^1.11.1"
            }
        },
        "nodemod": {
            "version": "2.6.1",
            "resolved": "https://registry.npmjs.org/nodemod/-/nodemod-2.6.1.tgz",
            "integrity": "sha512-WXkVQQciYzPlzCNEPx3U+tyC6Fq6xiuvRz5HNKcyFpUiXkgglgHXDK7Qs6mA/aLrMkAoU0vsxguqJjt4GC+X7g==",
            "requires": {
                "@types/parse5": "^5.0.2",
                "@types/prismjs": "^1.16.0",
                "lit-ntml": "^2.15.0",
                "normalize-diacritics": "^2.11.1",
                "tslib": "^1.11.1"
            }
        },
        "normalize-diacritics": {
            "version": "2.11.1",
            "resolved": "https://registry.npmjs.org/normalize-diacritics/-/normalize-diacritics-2.11.1.tgz",
            "integrity": "sha512-CUgUJ0ZsXQdEn+mvRiLQLYM7eFMp8NM7pJxuHJJqtIH3K5lfnPX/waIH9CF6LragsHEXPekUMtJcCL6bOxPg5g=="
        },
        "parse5": {
            "version": "5.1.1",
            "resolved": "https://registry.npmjs.org/parse5/-/parse5-5.1.1.tgz",
            "integrity": "sha512-ugq4DFI0Ptb+WWjAdOK16+u/nHfiIrcE+sh8kZMaM0WllQKLI9rOUq6c2b7cwPkXdzfQESqvoqK6ug7U/Yyzug=="
        },
        "tslib": {
            "version": "1.13.0",
            "resolved": "https://registry.npmjs.org/tslib/-/tslib-1.13.0.tgz",
            "integrity": "sha512-i/6DQjL8Xf3be4K/E6Wgpekn5Qasl1usyw++dAA35Ue5orEn65VIxOA+YvNNl9HV3qv70T7CNwjODHZrLwvd1Q=="
        }
    }
}
